
Microsoft Visual Studio Solution File, Format Version 12.00
# Visual Studio 15
VisualStudioVersion = 15.0.28307.489
MinimumVisualStudioVersion = 10.0.40219.1
Project("{8BC9CEB8-8B4A-11D0-8D11-00A0C91BC942}") = "Punteros a Función", "Punteros a Función\Punteros a Función.vcxproj", "{370B99AF-4DD0-4803-805A-2351BA8BF8AB}"
EndProject
Global
	GlobalSection(SolutionConfigurationPlatforms) = preSolution
		Debug|x64 = Debug|x64
		Debug|x86 = Debug|x86
		Release|x64 = Release|x64
		Release|x86 = Release|x86
	EndGlobalSection
	GlobalSection(ProjectConfigurationPlatforms) = postSolution
		{370B99AF-4DD0-4803-805A-2351BA8BF8AB}.Debug|x64.ActiveCfg = Debug|x64
		{370B99AF-4DD0-4803-805A-2351BA8BF8AB}.Debug|x64.Build.0 = Debug|x64
		{370B99AF-4DD0-4803-805A-2351BA8BF8AB}.Debug|x86.ActiveCfg = Debug|Win32
		{370B99AF-4DD0-4803-805A-2351BA8BF8AB}.Debug|x86.Build.0 = Debug|Win32
		{370B99AF-4DD0-4803-805A-2351BA8BF8AB}.Release|x64.ActiveCfg = Release|x64
		{370B99AF-4DD0-4803-805A-2351BA8BF8AB}.Release|x64.Build.0 = Release|x64
		{370B99AF-4DD0-4803-805A-2351BA8BF8AB}.Release|x86.ActiveCfg = Release|Win32
		{370B99AF-4DD0-4803-805A-2351BA8BF8AB}.Release|x86.Build.0 = Release|Win32
	EndGlobalSection
	GlobalSection(SolutionProperties) = preSolution
		HideSolutionNode = FALSE
	EndGlobalSection
	GlobalSection(ExtensibilityGlobals) = postSolution
		SolutionGuid = {47D87773-62AF-4027-9D1F-5E6739519694}
	EndGlobalSection
EndGlobal
